
Microsoft Visual Studio Solution File, Format Version 12.00
# Visual Studio Version 17
VisualStudioVersion = 17.2.32526.322
MinimumVisualStudioVersion = 10.0.40219.1
Project("{9A19103F-16F7-4668-BE54-9A1E7A4F7556}") = "lcms2", "lcms2.net\lcms2.csproj", "{F5BAE097-0023-4597-9B02-E558E2007330}"
EndProject
Project("{2150E333-8FDC-42A3-9474-1A3956D46DE8}") = "Solution Items", "Solution Items", "{CC5D0D9A-98D6-40DD-9023-98B99FE00DFB}"
	ProjectSection(SolutionItems) = preProject
		.editorconfig = .editorconfig
	EndProjectSection
EndProject
Project("{9A19103F-16F7-4668-BE54-9A1E7A4F7556}") = "Testbed", "Testing\Testbed.csproj", "{0EE45BD4-6535-4EA5-AC3E-14D8F00904FE}"
EndProject
Project("{9A19103F-16F7-4668-BE54-9A1E7A4F7556}") = "UnitTests", "UnitTests\UnitTests.csproj", "{CFD6B1B8-9FC4-4E7E-AC2C-A314726095BE}"
EndProject
Project("{2150E333-8FDC-42A3-9474-1A3956D46DE8}") = "plugins", "plugins", "{46625FA1-F485-4063-B42F-75C89DDBE0A7}"
EndProject
Project("{9A19103F-16F7-4668-BE54-9A1E7A4F7556}") = "lcms2_fast_float_plugin", "plugins\lcms2_fast_float_plugin\lcms2_fast_float_plugin.csproj", "{7E64803D-930E-4BF4-A211-38A399C6C24E}"
EndProject
Project("{9A19103F-16F7-4668-BE54-9A1E7A4F7556}") = "lcms2_fast_float_plugin_testbed", "plugins\lcms2_fast_float_plugin_testbed\lcms2_fast_float_plugin_testbed.csproj", "{653D1596-6FD5-4F55-82E3-988C0D447568}"
EndProject
Project("{2150E333-8FDC-42A3-9474-1A3956D46DE8}") = "fast_float", "fast_float", "{A629438E-5EFD-4EE8-B433-9E4C01E6E068}"
EndProject
Project("{2150E333-8FDC-42A3-9474-1A3956D46DE8}") = "threaded", "threaded", "{417A7ADD-8032-4A1A-BB6D-EB617486B86D}"
EndProject
Project("{9A19103F-16F7-4668-BE54-9A1E7A4F7556}") = "lcms2_threaded_plugin", "plugins\lcms2_threaded_plugin\lcms2_threaded_plugin.csproj", "{E7EB8736-DBC6-4A64-AFCB-DC06EAEAA4B0}"
EndProject
Project("{9A19103F-16F7-4668-BE54-9A1E7A4F7556}") = "lcms2_threaded_plugin_testbed", "plugins\lcms2_threaded_plugin_testbed\lcms2_threaded_plugin_testbed.csproj", "{FA7BD1CA-49F7-44F7-9C59-41FABD081E9B}"
EndProject
Project("{9A19103F-16F7-4668-BE54-9A1E7A4F7556}") = "Fast Float UnitTests", "plugins\lcms2_fast_float_plugin_unit_tests\Fast Float UnitTests.csproj", "{822E8447-28E5-4F5A-A0D6-C1114A27123B}"
EndProject
Project("{FAE04EC0-301F-11D3-BF4B-00C04F79EFBC}") = "Legacy", "Legacy\Legacy.csproj", "{968E67FF-42E2-4D57-9EA5-93D7C59A7978}"
EndProject
Global
	GlobalSection(SolutionConfigurationPlatforms) = preSolution
		Debug (No Fast Floor)|Any CPU = Debug (No Fast Floor)|Any CPU
		Debug (Single Threaded)|Any CPU = Debug (Single Threaded)|Any CPU
		Debug|Any CPU = Debug|Any CPU
		Release (No Fast Floor)|Any CPU = Release (No Fast Floor)|Any CPU
		Release|Any CPU = Release|Any CPU
	EndGlobalSection
	GlobalSection(ProjectConfigurationPlatforms) = postSolution
		{F5BAE097-0023-4597-9B02-E558E2007330}.Debug (No Fast Floor)|Any CPU.ActiveCfg = Debug (No Fast Floor)|Any CPU
		{F5BAE097-0023-4597-9B02-E558E2007330}.Debug (No Fast Floor)|Any CPU.Build.0 = Debug (No Fast Floor)|Any CPU
		{F5BAE097-0023-4597-9B02-E558E2007330}.Debug (Single Threaded)|Any CPU.ActiveCfg = Debug|Any CPU
		{F5BAE097-0023-4597-9B02-E558E2007330}.Debug (Single Threaded)|Any CPU.Build.0 = Debug|Any CPU
		{F5BAE097-0023-4597-9B02-E558E2007330}.Debug|Any CPU.ActiveCfg = Debug|Any CPU
		{F5BAE097-0023-4597-9B02-E558E2007330}.Debug|Any CPU.Build.0 = Debug|Any CPU
		{F5BAE097-0023-4597-9B02-E558E2007330}.Release (No Fast Floor)|Any CPU.ActiveCfg = Release (No Fast Floor)|Any CPU
		{F5BAE097-0023-4597-9B02-E558E2007330}.Release (No Fast Floor)|Any CPU.Build.0 = Release (No Fast Floor)|Any CPU
		{F5BAE097-0023-4597-9B02-E558E2007330}.Release|Any CPU.ActiveCfg = Release|Any CPU
		{F5BAE097-0023-4597-9B02-E558E2007330}.Release|Any CPU.Build.0 = Release|Any CPU
		{0EE45BD4-6535-4EA5-AC3E-14D8F00904FE}.Debug (No Fast Floor)|Any CPU.ActiveCfg = Debug (No Fast Floor)|Any CPU
		{0EE45BD4-6535-4EA5-AC3E-14D8F00904FE}.Debug (No Fast Floor)|Any CPU.Build.0 = Debug (No Fast Floor)|Any CPU
		{0EE45BD4-6535-4EA5-AC3E-14D8F00904FE}.Debug (Single Threaded)|Any CPU.ActiveCfg = Debug (Single Threaded)|Any CPU
		{0EE45BD4-6535-4EA5-AC3E-14D8F00904FE}.Debug (Single Threaded)|Any CPU.Build.0 = Debug (Single Threaded)|Any CPU
		{0EE45BD4-6535-4EA5-AC3E-14D8F00904FE}.Debug|Any CPU.ActiveCfg = Debug|Any CPU
		{0EE45BD4-6535-4EA5-AC3E-14D8F00904FE}.Debug|Any CPU.Build.0 = Debug|Any CPU
		{0EE45BD4-6535-4EA5-AC3E-14D8F00904FE}.Release (No Fast Floor)|Any CPU.ActiveCfg = Release (No Fast Floor)|Any CPU
		{0EE45BD4-6535-4EA5-AC3E-14D8F00904FE}.Release (No Fast Floor)|Any CPU.Build.0 = Release (No Fast Floor)|Any CPU
		{0EE45BD4-6535-4EA5-AC3E-14D8F00904FE}.Release|Any CPU.ActiveCfg = Release|Any CPU
		{0EE45BD4-6535-4EA5-AC3E-14D8F00904FE}.Release|Any CPU.Build.0 = Release|Any CPU
		{CFD6B1B8-9FC4-4E7E-AC2C-A314726095BE}.Debug (No Fast Floor)|Any CPU.ActiveCfg = Debug|Any CPU
		{CFD6B1B8-9FC4-4E7E-AC2C-A314726095BE}.Debug (No Fast Floor)|Any CPU.Build.0 = Debug|Any CPU
		{CFD6B1B8-9FC4-4E7E-AC2C-A314726095BE}.Debug (Single Threaded)|Any CPU.ActiveCfg = Debug|Any CPU
		{CFD6B1B8-9FC4-4E7E-AC2C-A314726095BE}.Debug (Single Threaded)|Any CPU.Build.0 = Debug|Any CPU
		{CFD6B1B8-9FC4-4E7E-AC2C-A314726095BE}.Debug|Any CPU.ActiveCfg = Debug|Any CPU
		{CFD6B1B8-9FC4-4E7E-AC2C-A314726095BE}.Debug|Any CPU.Build.0 = Debug|Any CPU
		{CFD6B1B8-9FC4-4E7E-AC2C-A314726095BE}.Release (No Fast Floor)|Any CPU.ActiveCfg = Release|Any CPU
		{CFD6B1B8-9FC4-4E7E-AC2C-A314726095BE}.Release (No Fast Floor)|Any CPU.Build.0 = Release|Any CPU
		{CFD6B1B8-9FC4-4E7E-AC2C-A314726095BE}.Release|Any CPU.ActiveCfg = Release|Any CPU
		{CFD6B1B8-9FC4-4E7E-AC2C-A314726095BE}.Release|Any CPU.Build.0 = Release|Any CPU
		{7E64803D-930E-4BF4-A211-38A399C6C24E}.Debug (No Fast Floor)|Any CPU.ActiveCfg = Debug|Any CPU
		{7E64803D-930E-4BF4-A211-38A399C6C24E}.Debug (No Fast Floor)|Any CPU.Build.0 = Debug|Any CPU
		{7E64803D-930E-4BF4-A211-38A399C6C24E}.Debug (Single Threaded)|Any CPU.ActiveCfg = Debug|Any CPU
		{7E64803D-930E-4BF4-A211-38A399C6C24E}.Debug (Single Threaded)|Any CPU.Build.0 = Debug|Any CPU
		{7E64803D-930E-4BF4-A211-38A399C6C24E}.Debug|Any CPU.ActiveCfg = Debug|Any CPU
		{7E64803D-930E-4BF4-A211-38A399C6C24E}.Debug|Any CPU.Build.0 = Debug|Any CPU
		{7E64803D-930E-4BF4-A211-38A399C6C24E}.Release (No Fast Floor)|Any CPU.ActiveCfg = Release|Any CPU
		{7E64803D-930E-4BF4-A211-38A399C6C24E}.Release (No Fast Floor)|Any CPU.Build.0 = Release|Any CPU
		{7E64803D-930E-4BF4-A211-38A399C6C24E}.Release|Any CPU.ActiveCfg = Release|Any CPU
		{7E64803D-930E-4BF4-A211-38A399C6C24E}.Release|Any CPU.Build.0 = Release|Any CPU
		{653D1596-6FD5-4F55-82E3-988C0D447568}.Debug (No Fast Floor)|Any CPU.ActiveCfg = Debug|Any CPU
		{653D1596-6FD5-4F55-82E3-988C0D447568}.Debug (No Fast Floor)|Any CPU.Build.0 = Debug|Any CPU
		{653D1596-6FD5-4F55-82E3-988C0D447568}.Debug (Single Threaded)|Any CPU.ActiveCfg = Debug (Single Threaded)|Any CPU
		{653D1596-6FD5-4F55-82E3-988C0D447568}.Debug (Single Threaded)|Any CPU.Build.0 = Debug (Single Threaded)|Any CPU
		{653D1596-6FD5-4F55-82E3-988C0D447568}.Debug|Any CPU.ActiveCfg = Debug|Any CPU
		{653D1596-6FD5-4F55-82E3-988C0D447568}.Debug|Any CPU.Build.0 = Debug|Any CPU
		{653D1596-6FD5-4F55-82E3-988C0D447568}.Release (No Fast Floor)|Any CPU.ActiveCfg = Release|Any CPU
		{653D1596-6FD5-4F55-82E3-988C0D447568}.Release (No Fast Floor)|Any CPU.Build.0 = Release|Any CPU
		{653D1596-6FD5-4F55-82E3-988C0D447568}.Release|Any CPU.ActiveCfg = Release|Any CPU
		{653D1596-6FD5-4F55-82E3-988C0D447568}.Release|Any CPU.Build.0 = Release|Any CPU
		{E7EB8736-DBC6-4A64-AFCB-DC06EAEAA4B0}.Debug (No Fast Floor)|Any CPU.ActiveCfg = Debug|Any CPU
		{E7EB8736-DBC6-4A64-AFCB-DC06EAEAA4B0}.Debug (No Fast Floor)|Any CPU.Build.0 = Debug|Any CPU
		{E7EB8736-DBC6-4A64-AFCB-DC06EAEAA4B0}.Debug (Single Threaded)|Any CPU.ActiveCfg = Debug|Any CPU
		{E7EB8736-DBC6-4A64-AFCB-DC06EAEAA4B0}.Debug (Single Threaded)|Any CPU.Build.0 = Debug|Any CPU
		{E7EB8736-DBC6-4A64-AFCB-DC06EAEAA4B0}.Debug|Any CPU.ActiveCfg = Debug|Any CPU
		{E7EB8736-DBC6-4A64-AFCB-DC06EAEAA4B0}.Debug|Any CPU.Build.0 = Debug|Any CPU
		{E7EB8736-DBC6-4A64-AFCB-DC06EAEAA4B0}.Release (No Fast Floor)|Any CPU.ActiveCfg = Release|Any CPU
		{E7EB8736-DBC6-4A64-AFCB-DC06EAEAA4B0}.Release (No Fast Floor)|Any CPU.Build.0 = Release|Any CPU
		{E7EB8736-DBC6-4A64-AFCB-DC06EAEAA4B0}.Release|Any CPU.ActiveCfg = Release|Any CPU
		{E7EB8736-DBC6-4A64-AFCB-DC06EAEAA4B0}.Release|Any CPU.Build.0 = Release|Any CPU
		{FA7BD1CA-49F7-44F7-9C59-41FABD081E9B}.Debug (No Fast Floor)|Any CPU.ActiveCfg = Debug|Any CPU
		{FA7BD1CA-49F7-44F7-9C59-41FABD081E9B}.Debug (No Fast Floor)|Any CPU.Build.0 = Debug|Any CPU
		{FA7BD1CA-49F7-44F7-9C59-41FABD081E9B}.Debug (Single Threaded)|Any CPU.ActiveCfg = Debug (Single Threaded)|Any CPU
		{FA7BD1CA-49F7-44F7-9C59-41FABD081E9B}.Debug (Single Threaded)|Any CPU.Build.0 = Debug (Single Threaded)|Any CPU
		{FA7BD1CA-49F7-44F7-9C59-41FABD081E9B}.Debug|Any CPU.ActiveCfg = Debug|Any CPU
		{FA7BD1CA-49F7-44F7-9C59-41FABD081E9B}.Debug|Any CPU.Build.0 = Debug|Any CPU
		{FA7BD1CA-49F7-44F7-9C59-41FABD081E9B}.Release (No Fast Floor)|Any CPU.ActiveCfg = Release|Any CPU
		{FA7BD1CA-49F7-44F7-9C59-41FABD081E9B}.Release (No Fast Floor)|Any CPU.Build.0 = Release|Any CPU
		{FA7BD1CA-49F7-44F7-9C59-41FABD081E9B}.Release|Any CPU.ActiveCfg = Release|Any CPU
		{FA7BD1CA-49F7-44F7-9C59-41FABD081E9B}.Release|Any CPU.Build.0 = Release|Any CPU
		{822E8447-28E5-4F5A-A0D6-C1114A27123B}.Debug (No Fast Floor)|Any CPU.ActiveCfg = Debug|Any CPU
		{822E8447-28E5-4F5A-A0D6-C1114A27123B}.Debug (No Fast Floor)|Any CPU.Build.0 = Debug|Any CPU
		{822E8447-28E5-4F5A-A0D6-C1114A27123B}.Debug (Single Threaded)|Any CPU.ActiveCfg = Debug|Any CPU
		{822E8447-28E5-4F5A-A0D6-C1114A27123B}.Debug (Single Threaded)|Any CPU.Build.0 = Debug|Any CPU
		{822E8447-28E5-4F5A-A0D6-C1114A27123B}.Debug|Any CPU.ActiveCfg = Debug|Any CPU
		{822E8447-28E5-4F5A-A0D6-C1114A27123B}.Debug|Any CPU.Build.0 = Debug|Any CPU
		{822E8447-28E5-4F5A-A0D6-C1114A27123B}.Release (No Fast Floor)|Any CPU.ActiveCfg = Release|Any CPU
		{822E8447-28E5-4F5A-A0D6-C1114A27123B}.Release (No Fast Floor)|Any CPU.Build.0 = Release|Any CPU
		{822E8447-28E5-4F5A-A0D6-C1114A27123B}.Release|Any CPU.ActiveCfg = Release|Any CPU
		{822E8447-28E5-4F5A-A0D6-C1114A27123B}.Release|Any CPU.Build.0 = Release|Any CPU
		{968E67FF-42E2-4D57-9EA5-93D7C59A7978}.Debug (No Fast Floor)|Any CPU.ActiveCfg = Debug|Any CPU
		{968E67FF-42E2-4D57-9EA5-93D7C59A7978}.Debug (No Fast Floor)|Any CPU.Build.0 = Debug|Any CPU
		{968E67FF-42E2-4D57-9EA5-93D7C59A7978}.Debug (Single Threaded)|Any CPU.ActiveCfg = Debug|Any CPU
		{968E67FF-42E2-4D57-9EA5-93D7C59A7978}.Debug (Single Threaded)|Any CPU.Build.0 = Debug|Any CPU
		{968E67FF-42E2-4D57-9EA5-93D7C59A7978}.Debug|Any CPU.ActiveCfg = Debug|Any CPU
		{968E67FF-42E2-4D57-9EA5-93D7C59A7978}.Debug|Any CPU.Build.0 = Debug|Any CPU
		{968E67FF-42E2-4D57-9EA5-93D7C59A7978}.Release (No Fast Floor)|Any CPU.ActiveCfg = Release|Any CPU
		{968E67FF-42E2-4D57-9EA5-93D7C59A7978}.Release (No Fast Floor)|Any CPU.Build.0 = Release|Any CPU
		{968E67FF-42E2-4D57-9EA5-93D7C59A7978}.Release|Any CPU.ActiveCfg = Release|Any CPU
		{968E67FF-42E2-4D57-9EA5-93D7C59A7978}.Release|Any CPU.Build.0 = Release|Any CPU
	EndGlobalSection
	GlobalSection(SolutionProperties) = preSolution
		HideSolutionNode = FALSE
	EndGlobalSection
	GlobalSection(NestedProjects) = preSolution
		{7E64803D-930E-4BF4-A211-38A399C6C24E} = {A629438E-5EFD-4EE8-B433-9E4C01E6E068}
		{653D1596-6FD5-4F55-82E3-988C0D447568} = {A629438E-5EFD-4EE8-B433-9E4C01E6E068}
		{A629438E-5EFD-4EE8-B433-9E4C01E6E068} = {46625FA1-F485-4063-B42F-75C89DDBE0A7}
		{417A7ADD-8032-4A1A-BB6D-EB617486B86D} = {46625FA1-F485-4063-B42F-75C89DDBE0A7}
		{E7EB8736-DBC6-4A64-AFCB-DC06EAEAA4B0} = {417A7ADD-8032-4A1A-BB6D-EB617486B86D}
		{FA7BD1CA-49F7-44F7-9C59-41FABD081E9B} = {417A7ADD-8032-4A1A-BB6D-EB617486B86D}
		{822E8447-28E5-4F5A-A0D6-C1114A27123B} = {A629438E-5EFD-4EE8-B433-9E4C01E6E068}
	EndGlobalSection
	GlobalSection(ExtensibilityGlobals) = postSolution
		SolutionGuid = {D1DB2C89-83A9-4522-BC47-0AEE534D7000}
	EndGlobalSection
EndGlobal
